
Microsoft Visual Studio Solution File, Format Version 12.00
# Visual Studio 15
VisualStudioVersion = 15.0.27130.2010
MinimumVisualStudioVersion = 10.0.40219.1
Project("{FAE04EC0-301F-11D3-BF4B-00C04F79EFBC}") = "Prism.InteractivityExtension", "Prism.InteractivityExtension\Prism.InteractivityExtension.csproj", "{97EA63F8-3294-47E8-808F-8C3885D74A32}"
EndProject
Project("{FAE04EC0-301F-11D3-BF4B-00C04F79EFBC}") = "Prism.InteractivityExtension-Samples", "Prism.InteractivityExtension-Samples\Prism.InteractivityExtension-Samples.csproj", "{6A89426E-5BF4-4664-98EE-4E186321D9AF}"
EndProject
Project("{FAE04EC0-301F-11D3-BF4B-00C04F79EFBC}") = "Prism.InteractivityExtension.MahAppsPack", "Prism.InteractivityExtension.MahAppsPack\Prism.InteractivityExtension.MahAppsPack.csproj", "{4E4ED199-C227-4492-A259-A3DA10946172}"
EndProject
Global
	GlobalSection(SolutionConfigurationPlatforms) = preSolution
		Debug|Any CPU = Debug|Any CPU
		Release|Any CPU = Release|Any CPU
	EndGlobalSection
	GlobalSection(ProjectConfigurationPlatforms) = postSolution
		{97EA63F8-3294-47E8-808F-8C3885D74A32}.Debug|Any CPU.ActiveCfg = Debug|Any CPU
		{97EA63F8-3294-47E8-808F-8C3885D74A32}.Debug|Any CPU.Build.0 = Debug|Any CPU
		{97EA63F8-3294-47E8-808F-8C3885D74A32}.Release|Any CPU.ActiveCfg = Release|Any CPU
		{97EA63F8-3294-47E8-808F-8C3885D74A32}.Release|Any CPU.Build.0 = Release|Any CPU
		{6A89426E-5BF4-4664-98EE-4E186321D9AF}.Debug|Any CPU.ActiveCfg = Debug|Any CPU
		{6A89426E-5BF4-4664-98EE-4E186321D9AF}.Debug|Any CPU.Build.0 = Debug|Any CPU
		{6A89426E-5BF4-4664-98EE-4E186321D9AF}.Release|Any CPU.ActiveCfg = Release|Any CPU
		{6A89426E-5BF4-4664-98EE-4E186321D9AF}.Release|Any CPU.Build.0 = Release|Any CPU
		{4E4ED199-C227-4492-A259-A3DA10946172}.Debug|Any CPU.ActiveCfg = Debug|Any CPU
		{4E4ED199-C227-4492-A259-A3DA10946172}.Debug|Any CPU.Build.0 = Debug|Any CPU
		{4E4ED199-C227-4492-A259-A3DA10946172}.Release|Any CPU.ActiveCfg = Release|Any CPU
		{4E4ED199-C227-4492-A259-A3DA10946172}.Release|Any CPU.Build.0 = Release|Any CPU
	EndGlobalSection
	GlobalSection(SolutionProperties) = preSolution
		HideSolutionNode = FALSE
	EndGlobalSection
	GlobalSection(ExtensibilityGlobals) = postSolution
		SolutionGuid = {304E1290-C2E3-49B6-AAA1-2B9A12E0776D}
	EndGlobalSection
EndGlobal
